
Microsoft Visual Studio Solution File, Format Version 12.00
# Visual Studio Version 17
VisualStudioVersion = 17.14.36310.24
MinimumVisualStudioVersion = 10.0.40219.1
Project("{FAE04EC0-301F-11D3-BF4B-00C04F79EFBC}") = "ElectricVehicleDealerManagermentSystem", "ElectricVehicleDealerManagermentSystem\ElectricVehicleDealerManagermentSystem.csproj", "{EEC6F510-10FA-48B9-BF9D-E349B257D48E}"
EndProject
Project("{FAE04EC0-301F-11D3-BF4B-00C04F79EFBC}") = "Repositories", "Repositories\Repositories.csproj", "{554EF767-3EC8-408E-82AD-3C9AE698F5E8}"
EndProject
Project("{FAE04EC0-301F-11D3-BF4B-00C04F79EFBC}") = "Services", "Services\Services.csproj", "{A0196267-F304-4F53-9A7D-CC018B8FB5DD}"
EndProject
Global
	GlobalSection(SolutionConfigurationPlatforms) = preSolution
		Debug|Any CPU = Debug|Any CPU
		Release|Any CPU = Release|Any CPU
	EndGlobalSection
	GlobalSection(ProjectConfigurationPlatforms) = postSolution
		{EEC6F510-10FA-48B9-BF9D-E349B257D48E}.Debug|Any CPU.ActiveCfg = Debug|Any CPU
		{EEC6F510-10FA-48B9-BF9D-E349B257D48E}.Debug|Any CPU.Build.0 = Debug|Any CPU
		{EEC6F510-10FA-48B9-BF9D-E349B257D48E}.Release|Any CPU.ActiveCfg = Release|Any CPU
		{EEC6F510-10FA-48B9-BF9D-E349B257D48E}.Release|Any CPU.Build.0 = Release|Any CPU
		{554EF767-3EC8-408E-82AD-3C9AE698F5E8}.Debug|Any CPU.ActiveCfg = Debug|Any CPU
		{554EF767-3EC8-408E-82AD-3C9AE698F5E8}.Debug|Any CPU.Build.0 = Debug|Any CPU
		{554EF767-3EC8-408E-82AD-3C9AE698F5E8}.Release|Any CPU.ActiveCfg = Release|Any CPU
		{554EF767-3EC8-408E-82AD-3C9AE698F5E8}.Release|Any CPU.Build.0 = Release|Any CPU
		{A0196267-F304-4F53-9A7D-CC018B8FB5DD}.Debug|Any CPU.ActiveCfg = Debug|Any CPU
		{A0196267-F304-4F53-9A7D-CC018B8FB5DD}.Debug|Any CPU.Build.0 = Debug|Any CPU
		{A0196267-F304-4F53-9A7D-CC018B8FB5DD}.Release|Any CPU.ActiveCfg = Release|Any CPU
		{A0196267-F304-4F53-9A7D-CC018B8FB5DD}.Release|Any CPU.Build.0 = Release|Any CPU
	EndGlobalSection
	GlobalSection(SolutionProperties) = preSolution
		HideSolutionNode = FALSE
	EndGlobalSection
	GlobalSection(ExtensibilityGlobals) = postSolution
		SolutionGuid = {E3F66B2C-3DEB-44E7-B8EC-AC65A062E757}
	EndGlobalSection
EndGlobal
